
Microsoft Visual Studio Solution File, Format Version 12.00
# Visual Studio Version 17
VisualStudioVersion = 17.7.34009.444
MinimumVisualStudioVersion = 10.0.40219.1
Project("{9A19103F-16F7-4668-BE54-9A1E7A4F7556}") = "ThomasGreg.App", "ThomasGregTeste\ThomasGreg.App.csproj", "{F803E1AA-1C9C-4A16-B0B6-B67C9795DC75}"
EndProject
Project("{FAE04EC0-301F-11D3-BF4B-00C04F79EFBC}") = "ThomasGreg.Business", "ThomasGreg.Business\ThomasGreg.Business.csproj", "{3B21DAFA-40B2-43A5-9C80-F41E2C91BE9A}"
EndProject
Project("{FAE04EC0-301F-11D3-BF4B-00C04F79EFBC}") = "ThomasGreg.Repository", "ThomasGreg.Repository\ThomasGreg.Repository.csproj", "{D8E475BD-00FE-45B5-BCBD-D93AA6A5540A}"
EndProject
Global
	GlobalSection(SolutionConfigurationPlatforms) = preSolution
		Debug|Any CPU = Debug|Any CPU
		Release|Any CPU = Release|Any CPU
	EndGlobalSection
	GlobalSection(ProjectConfigurationPlatforms) = postSolution
		{F803E1AA-1C9C-4A16-B0B6-B67C9795DC75}.Debug|Any CPU.ActiveCfg = Debug|Any CPU
		{F803E1AA-1C9C-4A16-B0B6-B67C9795DC75}.Debug|Any CPU.Build.0 = Debug|Any CPU
		{F803E1AA-1C9C-4A16-B0B6-B67C9795DC75}.Release|Any CPU.ActiveCfg = Release|Any CPU
		{F803E1AA-1C9C-4A16-B0B6-B67C9795DC75}.Release|Any CPU.Build.0 = Release|Any CPU
		{3B21DAFA-40B2-43A5-9C80-F41E2C91BE9A}.Debug|Any CPU.ActiveCfg = Debug|Any CPU
		{3B21DAFA-40B2-43A5-9C80-F41E2C91BE9A}.Debug|Any CPU.Build.0 = Debug|Any CPU
		{3B21DAFA-40B2-43A5-9C80-F41E2C91BE9A}.Release|Any CPU.ActiveCfg = Release|Any CPU
		{3B21DAFA-40B2-43A5-9C80-F41E2C91BE9A}.Release|Any CPU.Build.0 = Release|Any CPU
		{D8E475BD-00FE-45B5-BCBD-D93AA6A5540A}.Debug|Any CPU.ActiveCfg = Debug|Any CPU
		{D8E475BD-00FE-45B5-BCBD-D93AA6A5540A}.Debug|Any CPU.Build.0 = Debug|Any CPU
		{D8E475BD-00FE-45B5-BCBD-D93AA6A5540A}.Release|Any CPU.ActiveCfg = Release|Any CPU
		{D8E475BD-00FE-45B5-BCBD-D93AA6A5540A}.Release|Any CPU.Build.0 = Release|Any CPU
	EndGlobalSection
	GlobalSection(SolutionProperties) = preSolution
		HideSolutionNode = FALSE
	EndGlobalSection
	GlobalSection(ExtensibilityGlobals) = postSolution
		SolutionGuid = {7B75B189-E3EC-44E8-9ADA-74FC54522E62}
	EndGlobalSection
EndGlobal
